
Microsoft Visual Studio Solution File, Format Version 12.00
# Visual Studio Version 17
VisualStudioVersion = 17.0.31903.59
MinimumVisualStudioVersion = 10.0.40219.1
Project("{FAE04EC0-301F-11D3-BF4B-00C04F79EFBC}") = "serverside", "serverside\serverside.csproj", "{775FA490-A03F-40C8-9E1F-4B2237D2E259}"
EndProject
Project("{FAE04EC0-301F-11D3-BF4B-00C04F79EFBC}") = "clientside", "clientside\clientside.csproj", "{ACF88F50-787D-45D6-A1FD-9DC8D98B4A76}"
EndProject
Project("{FAE04EC0-301F-11D3-BF4B-00C04F79EFBC}") = "UnitTests", "UnitTests\UnitTests.csproj", "{00534C19-FB50-4E36-82A2-BD692B5F1FA0}"
EndProject
Global
	GlobalSection(SolutionConfigurationPlatforms) = preSolution
		Debug|Any CPU = Debug|Any CPU
		Release|Any CPU = Release|Any CPU
	EndGlobalSection
	GlobalSection(SolutionProperties) = preSolution
		HideSolutionNode = FALSE
	EndGlobalSection
	GlobalSection(ProjectConfigurationPlatforms) = postSolution
		{775FA490-A03F-40C8-9E1F-4B2237D2E259}.Debug|Any CPU.ActiveCfg = Debug|Any CPU
		{775FA490-A03F-40C8-9E1F-4B2237D2E259}.Debug|Any CPU.Build.0 = Debug|Any CPU
		{775FA490-A03F-40C8-9E1F-4B2237D2E259}.Release|Any CPU.ActiveCfg = Release|Any CPU
		{775FA490-A03F-40C8-9E1F-4B2237D2E259}.Release|Any CPU.Build.0 = Release|Any CPU
		{ACF88F50-787D-45D6-A1FD-9DC8D98B4A76}.Debug|Any CPU.ActiveCfg = Debug|Any CPU
		{ACF88F50-787D-45D6-A1FD-9DC8D98B4A76}.Debug|Any CPU.Build.0 = Debug|Any CPU
		{ACF88F50-787D-45D6-A1FD-9DC8D98B4A76}.Release|Any CPU.ActiveCfg = Release|Any CPU
		{ACF88F50-787D-45D6-A1FD-9DC8D98B4A76}.Release|Any CPU.Build.0 = Release|Any CPU
		{00534C19-FB50-4E36-82A2-BD692B5F1FA0}.Debug|Any CPU.ActiveCfg = Debug|Any CPU
		{00534C19-FB50-4E36-82A2-BD692B5F1FA0}.Debug|Any CPU.Build.0 = Debug|Any CPU
		{00534C19-FB50-4E36-82A2-BD692B5F1FA0}.Release|Any CPU.ActiveCfg = Release|Any CPU
		{00534C19-FB50-4E36-82A2-BD692B5F1FA0}.Release|Any CPU.Build.0 = Release|Any CPU
	EndGlobalSection
EndGlobal
